
Microsoft Visual Studio Solution File, Format Version 12.00
# Visual Studio 14
VisualStudioVersion = 14.0.25420.1
MinimumVisualStudioVersion = 10.0.40219.1
Project("{FAE04EC0-301F-11D3-BF4B-00C04F79EFBC}") = "FuncstructorLibrary", "FuncstructorLibrary\FuncstructorLibrary.csproj", "{AD902EAF-D947-4792-89A5-4D2050D6CD4F}"
EndProject
Project("{FAE04EC0-301F-11D3-BF4B-00C04F79EFBC}") = "FuncstructorLibraryTests", "FuncstructorLibraryTests\FuncstructorLibraryTests.csproj", "{FAB0586F-7575-469D-AD3C-1432B4FA008B}"
EndProject
Global
	GlobalSection(SolutionConfigurationPlatforms) = preSolution
		Debug|Any CPU = Debug|Any CPU
		Release|Any CPU = Release|Any CPU
	EndGlobalSection
	GlobalSection(ProjectConfigurationPlatforms) = postSolution
		{AD902EAF-D947-4792-89A5-4D2050D6CD4F}.Debug|Any CPU.ActiveCfg = Debug|Any CPU
		{AD902EAF-D947-4792-89A5-4D2050D6CD4F}.Debug|Any CPU.Build.0 = Debug|Any CPU
		{AD902EAF-D947-4792-89A5-4D2050D6CD4F}.Release|Any CPU.ActiveCfg = Release|Any CPU
		{AD902EAF-D947-4792-89A5-4D2050D6CD4F}.Release|Any CPU.Build.0 = Release|Any CPU
		{FAB0586F-7575-469D-AD3C-1432B4FA008B}.Debug|Any CPU.ActiveCfg = Debug|Any CPU
		{FAB0586F-7575-469D-AD3C-1432B4FA008B}.Debug|Any CPU.Build.0 = Debug|Any CPU
		{FAB0586F-7575-469D-AD3C-1432B4FA008B}.Release|Any CPU.ActiveCfg = Release|Any CPU
		{FAB0586F-7575-469D-AD3C-1432B4FA008B}.Release|Any CPU.Build.0 = Release|Any CPU
	EndGlobalSection
	GlobalSection(SolutionProperties) = preSolution
		HideSolutionNode = FALSE
	EndGlobalSection
EndGlobal
